
Microsoft Visual Studio Solution File, Format Version 12.00
# Visual Studio Version 17
VisualStudioVersion = 17.1.32328.378
MinimumVisualStudioVersion = 10.0.40219.1
Project("{FAE04EC0-301F-11D3-BF4B-00C04F79EFBC}") = "APIMobileEndpoint", "APIMobileEndpoint\APIMobileEndpoint.csproj", "{ACB70AFC-06A8-4AF2-A2C4-2D14205F0690}"
EndProject
Global
	GlobalSection(SolutionConfigurationPlatforms) = preSolution
		Debug|Any CPU = Debug|Any CPU
		Release|Any CPU = Release|Any CPU
	EndGlobalSection
	GlobalSection(ProjectConfigurationPlatforms) = postSolution
		{ACB70AFC-06A8-4AF2-A2C4-2D14205F0690}.Debug|Any CPU.ActiveCfg = Debug|Any CPU
		{ACB70AFC-06A8-4AF2-A2C4-2D14205F0690}.Debug|Any CPU.Build.0 = Debug|Any CPU
		{ACB70AFC-06A8-4AF2-A2C4-2D14205F0690}.Release|Any CPU.ActiveCfg = Release|Any CPU
		{ACB70AFC-06A8-4AF2-A2C4-2D14205F0690}.Release|Any CPU.Build.0 = Release|Any CPU
	EndGlobalSection
	GlobalSection(SolutionProperties) = preSolution
		HideSolutionNode = FALSE
	EndGlobalSection
	GlobalSection(ExtensibilityGlobals) = postSolution
		SolutionGuid = {E00BAD23-A7B5-4F5B-840F-BDC268344C5B}
	EndGlobalSection
EndGlobal
